
Microsoft Visual Studio Solution File, Format Version 12.00
# Visual Studio Version 17
VisualStudioVersion = 17.1.32421.90
MinimumVisualStudioVersion = 10.0.40219.1
Project("{9A19103F-16F7-4668-BE54-9A1E7A4F7556}") = "ElasticExample", "ElasticExample\ElasticExample.csproj", "{73993C40-4346-4A82-AEE6-2E36BF6F744E}"
EndProject
Global
	GlobalSection(SolutionConfigurationPlatforms) = preSolution
		Debug|Any CPU = Debug|Any CPU
		Release|Any CPU = Release|Any CPU
	EndGlobalSection
	GlobalSection(ProjectConfigurationPlatforms) = postSolution
		{73993C40-4346-4A82-AEE6-2E36BF6F744E}.Debug|Any CPU.ActiveCfg = Debug|Any CPU
		{73993C40-4346-4A82-AEE6-2E36BF6F744E}.Debug|Any CPU.Build.0 = Debug|Any CPU
		{73993C40-4346-4A82-AEE6-2E36BF6F744E}.Release|Any CPU.ActiveCfg = Release|Any CPU
		{73993C40-4346-4A82-AEE6-2E36BF6F744E}.Release|Any CPU.Build.0 = Release|Any CPU
	EndGlobalSection
	GlobalSection(SolutionProperties) = preSolution
		HideSolutionNode = FALSE
	EndGlobalSection
	GlobalSection(ExtensibilityGlobals) = postSolution
		SolutionGuid = {DEF58DA7-0223-44FB-8779-BC5EEA776C40}
	EndGlobalSection
EndGlobal
